
Microsoft Visual Studio Solution File, Format Version 12.00
# Visual Studio Version 17
VisualStudioVersion = 17.8.34330.188
MinimumVisualStudioVersion = 10.0.40219.1
Project("{9A19103F-16F7-4668-BE54-9A1E7A4F7556}") = "SalariesManagementSystem", "SalariesManagementSystem.csproj", "{2372AE57-549A-492A-8FAA-FE28135B21F1}"
EndProject
Global
	GlobalSection(SolutionConfigurationPlatforms) = preSolution
		Debug|Any CPU = Debug|Any CPU
		Release|Any CPU = Release|Any CPU
	EndGlobalSection
	GlobalSection(ProjectConfigurationPlatforms) = postSolution
		{2372AE57-549A-492A-8FAA-FE28135B21F1}.Debug|Any CPU.ActiveCfg = Debug|Any CPU
		{2372AE57-549A-492A-8FAA-FE28135B21F1}.Debug|Any CPU.Build.0 = Debug|Any CPU
		{2372AE57-549A-492A-8FAA-FE28135B21F1}.Debug|Any CPU.Deploy.0 = Debug|Any CPU
		{2372AE57-549A-492A-8FAA-FE28135B21F1}.Release|Any CPU.ActiveCfg = Release|Any CPU
		{2372AE57-549A-492A-8FAA-FE28135B21F1}.Release|Any CPU.Build.0 = Release|Any CPU
		{2372AE57-549A-492A-8FAA-FE28135B21F1}.Release|Any CPU.Deploy.0 = Release|Any CPU
	EndGlobalSection
	GlobalSection(SolutionProperties) = preSolution
		HideSolutionNode = FALSE
	EndGlobalSection
	GlobalSection(ExtensibilityGlobals) = postSolution
		SolutionGuid = {110B2995-2DA5-4483-82D5-C714EB7B0799}
	EndGlobalSection
EndGlobal
